
Microsoft Visual Studio Solution File, Format Version 12.00
# Visual Studio 15
VisualStudioVersion = 15.0.26621.2
MinimumVisualStudioVersion = 10.0.40219.1
Project("{FAE04EC0-301F-11D3-BF4B-00C04F79EFBC}") = "FriendOrFoe", "FriendOrFoe\FriendOrFoe.csproj", "{24AB66E3-FE3E-4D9D-BBF9-2BA297E789FC}"
EndProject
Project("{FAE04EC0-301F-11D3-BF4B-00C04F79EFBC}") = "WhoGoesThere", "WhoGoesThere\WhoGoesThere.csproj", "{9D01E63E-6F1E-4379-AEC8-F26C7B2C7C9A}"
EndProject
Project("{D954291E-2A0B-460D-934E-DC6B0785DB48}") = "WatchManApp", "WatchManApp\WatchManApp\WatchManApp.shproj", "{C1BC4C01-38ED-4097-AF22-3C6E476663CA}"
EndProject
Project("{FAE04EC0-301F-11D3-BF4B-00C04F79EFBC}") = "WatchManApp.Android", "WatchManApp\WatchManApp.Android\WatchManApp.Android.csproj", "{DB2BE5D6-CE63-42DE-BDD2-329110F77E5F}"
EndProject
Project("{FAE04EC0-301F-11D3-BF4B-00C04F79EFBC}") = "WatchManApp.iOS", "WatchManApp\WatchManApp.iOS\WatchManApp.iOS.csproj", "{795F61E8-40D4-4152-A652-AD698A112697}"
EndProject
Project("{FAE04EC0-301F-11D3-BF4B-00C04F79EFBC}") = "WatchManApp.UWP", "WatchManApp\WatchManApp.UWP\WatchManApp.UWP.csproj", "{C9B0B952-0078-49BE-AD1C-581141E42B1D}"
EndProject
Project("{FAE04EC0-301F-11D3-BF4B-00C04F79EFBC}") = "FriendOrFoe.Model", "FriendOrFoe.Model\FriendOrFoe.Model.csproj", "{5FA20FD5-918D-4979-8CEB-E2119C3F0A02}"
EndProject
Project("{00D1A9C2-B5F0-4AF3-8072-F6C62B433612}") = "FriendOrFoe.SqlServer.Database", "FriendOrFoe.SqlServer.Database\FriendOrFoe.SqlServer.Database.sqlproj", "{10CD6C9C-4C55-499A-9E8A-CD12D9E21DBB}"
EndProject
Global
	GlobalSection(SharedMSBuildProjectFiles) = preSolution
		WatchManApp\WatchManApp\WatchManApp.projitems*{795f61e8-40d4-4152-a652-ad698a112697}*SharedItemsImports = 4
		WatchManApp\WatchManApp\WatchManApp.projitems*{c1bc4c01-38ed-4097-af22-3c6e476663ca}*SharedItemsImports = 13
	EndGlobalSection
	GlobalSection(SolutionConfigurationPlatforms) = preSolution
		Debug|Any CPU = Debug|Any CPU
		Debug|ARM = Debug|ARM
		Debug|iPhone = Debug|iPhone
		Debug|iPhoneSimulator = Debug|iPhoneSimulator
		Debug|x64 = Debug|x64
		Debug|x86 = Debug|x86
		Release|Any CPU = Release|Any CPU
		Release|ARM = Release|ARM
		Release|iPhone = Release|iPhone
		Release|iPhoneSimulator = Release|iPhoneSimulator
		Release|x64 = Release|x64
		Release|x86 = Release|x86
	EndGlobalSection
	GlobalSection(ProjectConfigurationPlatforms) = postSolution
		{24AB66E3-FE3E-4D9D-BBF9-2BA297E789FC}.Debug|Any CPU.ActiveCfg = Debug|Any CPU
		{24AB66E3-FE3E-4D9D-BBF9-2BA297E789FC}.Debug|Any CPU.Build.0 = Debug|Any CPU
		{24AB66E3-FE3E-4D9D-BBF9-2BA297E789FC}.Debug|ARM.ActiveCfg = Debug|Any CPU
		{24AB66E3-FE3E-4D9D-BBF9-2BA297E789FC}.Debug|ARM.Build.0 = Debug|Any CPU
		{24AB66E3-FE3E-4D9D-BBF9-2BA297E789FC}.Debug|iPhone.ActiveCfg = Debug|Any CPU
		{24AB66E3-FE3E-4D9D-BBF9-2BA297E789FC}.Debug|iPhone.Build.0 = Debug|Any CPU
		{24AB66E3-FE3E-4D9D-BBF9-2BA297E789FC}.Debug|iPhoneSimulator.ActiveCfg = Debug|Any CPU
		{24AB66E3-FE3E-4D9D-BBF9-2BA297E789FC}.Debug|iPhoneSimulator.Build.0 = Debug|Any CPU
		{24AB66E3-FE3E-4D9D-BBF9-2BA297E789FC}.Debug|x64.ActiveCfg = Debug|Any CPU
		{24AB66E3-FE3E-4D9D-BBF9-2BA297E789FC}.Debug|x64.Build.0 = Debug|Any CPU
		{24AB66E3-FE3E-4D9D-BBF9-2BA297E789FC}.Debug|x86.ActiveCfg = Debug|Any CPU
		{24AB66E3-FE3E-4D9D-BBF9-2BA297E789FC}.Debug|x86.Build.0 = Debug|Any CPU
		{24AB66E3-FE3E-4D9D-BBF9-2BA297E789FC}.Release|Any CPU.ActiveCfg = Release|Any CPU
		{24AB66E3-FE3E-4D9D-BBF9-2BA297E789FC}.Release|Any CPU.Build.0 = Release|Any CPU
		{24AB66E3-FE3E-4D9D-BBF9-2BA297E789FC}.Release|ARM.ActiveCfg = Release|Any CPU
		{24AB66E3-FE3E-4D9D-BBF9-2BA297E789FC}.Release|ARM.Build.0 = Release|Any CPU
		{24AB66E3-FE3E-4D9D-BBF9-2BA297E789FC}.Release|iPhone.ActiveCfg = Release|Any CPU
		{24AB66E3-FE3E-4D9D-BBF9-2BA297E789FC}.Release|iPhone.Build.0 = Release|Any CPU
		{24AB66E3-FE3E-4D9D-BBF9-2BA297E789FC}.Release|iPhoneSimulator.ActiveCfg = Release|Any CPU
		{24AB66E3-FE3E-4D9D-BBF9-2BA297E789FC}.Release|iPhoneSimulator.Build.0 = Release|Any CPU
		{24AB66E3-FE3E-4D9D-BBF9-2BA297E789FC}.Release|x64.ActiveCfg = Release|Any CPU
		{24AB66E3-FE3E-4D9D-BBF9-2BA297E789FC}.Release|x64.Build.0 = Release|Any CPU
		{24AB66E3-FE3E-4D9D-BBF9-2BA297E789FC}.Release|x86.ActiveCfg = Release|Any CPU
		{24AB66E3-FE3E-4D9D-BBF9-2BA297E789FC}.Release|x86.Build.0 = Release|Any CPU
		{9D01E63E-6F1E-4379-AEC8-F26C7B2C7C9A}.Debug|Any CPU.ActiveCfg = Debug|Any CPU
		{9D01E63E-6F1E-4379-AEC8-F26C7B2C7C9A}.Debug|Any CPU.Build.0 = Debug|Any CPU
		{9D01E63E-6F1E-4379-AEC8-F26C7B2C7C9A}.Debug|ARM.ActiveCfg = Debug|Any CPU
		{9D01E63E-6F1E-4379-AEC8-F26C7B2C7C9A}.Debug|ARM.Build.0 = Debug|Any CPU
		{9D01E63E-6F1E-4379-AEC8-F26C7B2C7C9A}.Debug|iPhone.ActiveCfg = Debug|Any CPU
		{9D01E63E-6F1E-4379-AEC8-F26C7B2C7C9A}.Debug|iPhone.Build.0 = Debug|Any CPU
		{9D01E63E-6F1E-4379-AEC8-F26C7B2C7C9A}.Debug|iPhoneSimulator.ActiveCfg = Debug|Any CPU
		{9D01E63E-6F1E-4379-AEC8-F26C7B2C7C9A}.Debug|iPhoneSimulator.Build.0 = Debug|Any CPU
		{9D01E63E-6F1E-4379-AEC8-F26C7B2C7C9A}.Debug|x64.ActiveCfg = Debug|Any CPU
		{9D01E63E-6F1E-4379-AEC8-F26C7B2C7C9A}.Debug|x64.Build.0 = Debug|Any CPU
		{9D01E63E-6F1E-4379-AEC8-F26C7B2C7C9A}.Debug|x86.ActiveCfg = Debug|Any CPU
		{9D01E63E-6F1E-4379-AEC8-F26C7B2C7C9A}.Debug|x86.Build.0 = Debug|Any CPU
		{9D01E63E-6F1E-4379-AEC8-F26C7B2C7C9A}.Release|Any CPU.ActiveCfg = Release|Any CPU
		{9D01E63E-6F1E-4379-AEC8-F26C7B2C7C9A}.Release|Any CPU.Build.0 = Release|Any CPU
		{9D01E63E-6F1E-4379-AEC8-F26C7B2C7C9A}.Release|ARM.ActiveCfg = Release|Any CPU
		{9D01E63E-6F1E-4379-AEC8-F26C7B2C7C9A}.Release|ARM.Build.0 = Release|Any CPU
		{9D01E63E-6F1E-4379-AEC8-F26C7B2C7C9A}.Release|iPhone.ActiveCfg = Release|Any CPU
		{9D01E63E-6F1E-4379-AEC8-F26C7B2C7C9A}.Release|iPhone.Build.0 = Release|Any CPU
		{9D01E63E-6F1E-4379-AEC8-F26C7B2C7C9A}.Release|iPhoneSimulator.ActiveCfg = Release|Any CPU
		{9D01E63E-6F1E-4379-AEC8-F26C7B2C7C9A}.Release|iPhoneSimulator.Build.0 = Release|Any CPU
		{9D01E63E-6F1E-4379-AEC8-F26C7B2C7C9A}.Release|x64.ActiveCfg = Release|Any CPU
		{9D01E63E-6F1E-4379-AEC8-F26C7B2C7C9A}.Release|x64.Build.0 = Release|Any CPU
		{9D01E63E-6F1E-4379-AEC8-F26C7B2C7C9A}.Release|x86.ActiveCfg = Release|Any CPU
		{9D01E63E-6F1E-4379-AEC8-F26C7B2C7C9A}.Release|x86.Build.0 = Release|Any CPU
		{DB2BE5D6-CE63-42DE-BDD2-329110F77E5F}.Debug|Any CPU.ActiveCfg = Debug|Any CPU
		{DB2BE5D6-CE63-42DE-BDD2-329110F77E5F}.Debug|Any CPU.Build.0 = Debug|Any CPU
		{DB2BE5D6-CE63-42DE-BDD2-329110F77E5F}.Debug|Any CPU.Deploy.0 = Debug|Any CPU
		{DB2BE5D6-CE63-42DE-BDD2-329110F77E5F}.Debug|ARM.ActiveCfg = Debug|Any CPU
		{DB2BE5D6-CE63-42DE-BDD2-329110F77E5F}.Debug|ARM.Build.0 = Debug|Any CPU
		{DB2BE5D6-CE63-42DE-BDD2-329110F77E5F}.Debug|ARM.Deploy.0 = Debug|Any CPU
		{DB2BE5D6-CE63-42DE-BDD2-329110F77E5F}.Debug|iPhone.ActiveCfg = Debug|Any CPU
		{DB2BE5D6-CE63-42DE-BDD2-329110F77E5F}.Debug|iPhone.Build.0 = Debug|Any CPU
		{DB2BE5D6-CE63-42DE-BDD2-329110F77E5F}.Debug|iPhone.Deploy.0 = Debug|Any CPU
		{DB2BE5D6-CE63-42DE-BDD2-329110F77E5F}.Debug|iPhoneSimulator.ActiveCfg = Debug|Any CPU
		{DB2BE5D6-CE63-42DE-BDD2-329110F77E5F}.Debug|iPhoneSimulator.Build.0 = Debug|Any CPU
		{DB2BE5D6-CE63-42DE-BDD2-329110F77E5F}.Debug|iPhoneSimulator.Deploy.0 = Debug|Any CPU
		{DB2BE5D6-CE63-42DE-BDD2-329110F77E5F}.Debug|x64.ActiveCfg = Debug|Any CPU
		{DB2BE5D6-CE63-42DE-BDD2-329110F77E5F}.Debug|x64.Build.0 = Debug|Any CPU
		{DB2BE5D6-CE63-42DE-BDD2-329110F77E5F}.Debug|x64.Deploy.0 = Debug|Any CPU
		{DB2BE5D6-CE63-42DE-BDD2-329110F77E5F}.Debug|x86.ActiveCfg = Debug|Any CPU
		{DB2BE5D6-CE63-42DE-BDD2-329110F77E5F}.Debug|x86.Build.0 = Debug|Any CPU
		{DB2BE5D6-CE63-42DE-BDD2-329110F77E5F}.Debug|x86.Deploy.0 = Debug|Any CPU
		{DB2BE5D6-CE63-42DE-BDD2-329110F77E5F}.Release|Any CPU.ActiveCfg = Release|Any CPU
		{DB2BE5D6-CE63-42DE-BDD2-329110F77E5F}.Release|Any CPU.Build.0 = Release|Any CPU
		{DB2BE5D6-CE63-42DE-BDD2-329110F77E5F}.Release|Any CPU.Deploy.0 = Release|Any CPU
		{DB2BE5D6-CE63-42DE-BDD2-329110F77E5F}.Release|ARM.ActiveCfg = Release|Any CPU
		{DB2BE5D6-CE63-42DE-BDD2-329110F77E5F}.Release|ARM.Build.0 = Release|Any CPU
		{DB2BE5D6-CE63-42DE-BDD2-329110F77E5F}.Release|ARM.Deploy.0 = Release|Any CPU
		{DB2BE5D6-CE63-42DE-BDD2-329110F77E5F}.Release|iPhone.ActiveCfg = Release|Any CPU
		{DB2BE5D6-CE63-42DE-BDD2-329110F77E5F}.Release|iPhone.Build.0 = Release|Any CPU
		{DB2BE5D6-CE63-42DE-BDD2-329110F77E5F}.Release|iPhone.Deploy.0 = Release|Any CPU
		{DB2BE5D6-CE63-42DE-BDD2-329110F77E5F}.Release|iPhoneSimulator.ActiveCfg = Release|Any CPU
		{DB2BE5D6-CE63-42DE-BDD2-329110F77E5F}.Release|iPhoneSimulator.Build.0 = Release|Any CPU
		{DB2BE5D6-CE63-42DE-BDD2-329110F77E5F}.Release|iPhoneSimulator.Deploy.0 = Release|Any CPU
		{DB2BE5D6-CE63-42DE-BDD2-329110F77E5F}.Release|x64.ActiveCfg = Release|Any CPU
		{DB2BE5D6-CE63-42DE-BDD2-329110F77E5F}.Release|x64.Build.0 = Release|Any CPU
		{DB2BE5D6-CE63-42DE-BDD2-329110F77E5F}.Release|x64.Deploy.0 = Release|Any CPU
		{DB2BE5D6-CE63-42DE-BDD2-329110F77E5F}.Release|x86.ActiveCfg = Release|Any CPU
		{DB2BE5D6-CE63-42DE-BDD2-329110F77E5F}.Release|x86.Build.0 = Release|Any CPU
		{DB2BE5D6-CE63-42DE-BDD2-329110F77E5F}.Release|x86.Deploy.0 = Release|Any CPU
		{795F61E8-40D4-4152-A652-AD698A112697}.Debug|Any CPU.ActiveCfg = Debug|iPhone
		{795F61E8-40D4-4152-A652-AD698A112697}.Debug|ARM.ActiveCfg = Debug|iPhone
		{795F61E8-40D4-4152-A652-AD698A112697}.Debug|iPhone.ActiveCfg = Debug|iPhone
		{795F61E8-40D4-4152-A652-AD698A112697}.Debug|iPhone.Build.0 = Debug|iPhone
		{795F61E8-40D4-4152-A652-AD698A112697}.Debug|iPhoneSimulator.ActiveCfg = Debug|iPhoneSimulator
		{795F61E8-40D4-4152-A652-AD698A112697}.Debug|iPhoneSimulator.Build.0 = Debug|iPhoneSimulator
		{795F61E8-40D4-4152-A652-AD698A112697}.Debug|x64.ActiveCfg = Debug|iPhone
		{795F61E8-40D4-4152-A652-AD698A112697}.Debug|x86.ActiveCfg = Debug|iPhone
		{795F61E8-40D4-4152-A652-AD698A112697}.Release|Any CPU.ActiveCfg = Release|iPhone
		{795F61E8-40D4-4152-A652-AD698A112697}.Release|ARM.ActiveCfg = Release|iPhone
		{795F61E8-40D4-4152-A652-AD698A112697}.Release|iPhone.ActiveCfg = Release|iPhone
		{795F61E8-40D4-4152-A652-AD698A112697}.Release|iPhone.Build.0 = Release|iPhone
		{795F61E8-40D4-4152-A652-AD698A112697}.Release|iPhoneSimulator.ActiveCfg = Release|iPhoneSimulator
		{795F61E8-40D4-4152-A652-AD698A112697}.Release|iPhoneSimulator.Build.0 = Release|iPhoneSimulator
		{795F61E8-40D4-4152-A652-AD698A112697}.Release|x64.ActiveCfg = Release|iPhone
		{795F61E8-40D4-4152-A652-AD698A112697}.Release|x86.ActiveCfg = Release|iPhone
		{C9B0B952-0078-49BE-AD1C-581141E42B1D}.Debug|Any CPU.ActiveCfg = Debug|x86
		{C9B0B952-0078-49BE-AD1C-581141E42B1D}.Debug|ARM.ActiveCfg = Debug|ARM
		{C9B0B952-0078-49BE-AD1C-581141E42B1D}.Debug|ARM.Build.0 = Debug|ARM
		{C9B0B952-0078-49BE-AD1C-581141E42B1D}.Debug|ARM.Deploy.0 = Debug|ARM
		{C9B0B952-0078-49BE-AD1C-581141E42B1D}.Debug|iPhone.ActiveCfg = Debug|x86
		{C9B0B952-0078-49BE-AD1C-581141E42B1D}.Debug|iPhoneSimulator.ActiveCfg = Debug|x86
		{C9B0B952-0078-49BE-AD1C-581141E42B1D}.Debug|x64.ActiveCfg = Debug|x64
		{C9B0B952-0078-49BE-AD1C-581141E42B1D}.Debug|x64.Build.0 = Debug|x64
		{C9B0B952-0078-49BE-AD1C-581141E42B1D}.Debug|x64.Deploy.0 = Debug|x64
		{C9B0B952-0078-49BE-AD1C-581141E42B1D}.Debug|x86.ActiveCfg = Debug|x86
		{C9B0B952-0078-49BE-AD1C-581141E42B1D}.Debug|x86.Build.0 = Debug|x86
		{C9B0B952-0078-49BE-AD1C-581141E42B1D}.Debug|x86.Deploy.0 = Debug|x86
		{C9B0B952-0078-49BE-AD1C-581141E42B1D}.Release|Any CPU.ActiveCfg = Release|x86
		{C9B0B952-0078-49BE-AD1C-581141E42B1D}.Release|ARM.ActiveCfg = Release|ARM
		{C9B0B952-0078-49BE-AD1C-581141E42B1D}.Release|ARM.Build.0 = Release|ARM
		{C9B0B952-0078-49BE-AD1C-581141E42B1D}.Release|ARM.Deploy.0 = Release|ARM
		{C9B0B952-0078-49BE-AD1C-581141E42B1D}.Release|iPhone.ActiveCfg = Release|x86
		{C9B0B952-0078-49BE-AD1C-581141E42B1D}.Release|iPhoneSimulator.ActiveCfg = Release|x86
		{C9B0B952-0078-49BE-AD1C-581141E42B1D}.Release|x64.ActiveCfg = Release|x64
		{C9B0B952-0078-49BE-AD1C-581141E42B1D}.Release|x64.Build.0 = Release|x64
		{C9B0B952-0078-49BE-AD1C-581141E42B1D}.Release|x64.Deploy.0 = Release|x64
		{C9B0B952-0078-49BE-AD1C-581141E42B1D}.Release|x86.ActiveCfg = Release|x86
		{C9B0B952-0078-49BE-AD1C-581141E42B1D}.Release|x86.Build.0 = Release|x86
		{C9B0B952-0078-49BE-AD1C-581141E42B1D}.Release|x86.Deploy.0 = Release|x86
		{5FA20FD5-918D-4979-8CEB-E2119C3F0A02}.Debug|Any CPU.ActiveCfg = Debug|Any CPU
		{5FA20FD5-918D-4979-8CEB-E2119C3F0A02}.Debug|Any CPU.Build.0 = Debug|Any CPU
		{5FA20FD5-918D-4979-8CEB-E2119C3F0A02}.Debug|ARM.ActiveCfg = Debug|Any CPU
		{5FA20FD5-918D-4979-8CEB-E2119C3F0A02}.Debug|ARM.Build.0 = Debug|Any CPU
		{5FA20FD5-918D-4979-8CEB-E2119C3F0A02}.Debug|iPhone.ActiveCfg = Debug|Any CPU
		{5FA20FD5-918D-4979-8CEB-E2119C3F0A02}.Debug|iPhone.Build.0 = Debug|Any CPU
		{5FA20FD5-918D-4979-8CEB-E2119C3F0A02}.Debug|iPhoneSimulator.ActiveCfg = Debug|Any CPU
		{5FA20FD5-918D-4979-8CEB-E2119C3F0A02}.Debug|iPhoneSimulator.Build.0 = Debug|Any CPU
		{5FA20FD5-918D-4979-8CEB-E2119C3F0A02}.Debug|x64.ActiveCfg = Debug|Any CPU
		{5FA20FD5-918D-4979-8CEB-E2119C3F0A02}.Debug|x64.Build.0 = Debug|Any CPU
		{5FA20FD5-918D-4979-8CEB-E2119C3F0A02}.Debug|x86.ActiveCfg = Debug|Any CPU
		{5FA20FD5-918D-4979-8CEB-E2119C3F0A02}.Debug|x86.Build.0 = Debug|Any CPU
		{5FA20FD5-918D-4979-8CEB-E2119C3F0A02}.Release|Any CPU.ActiveCfg = Release|Any CPU
		{5FA20FD5-918D-4979-8CEB-E2119C3F0A02}.Release|Any CPU.Build.0 = Release|Any CPU
		{5FA20FD5-918D-4979-8CEB-E2119C3F0A02}.Release|ARM.ActiveCfg = Release|Any CPU
		{5FA20FD5-918D-4979-8CEB-E2119C3F0A02}.Release|ARM.Build.0 = Release|Any CPU
		{5FA20FD5-918D-4979-8CEB-E2119C3F0A02}.Release|iPhone.ActiveCfg = Release|Any CPU
		{5FA20FD5-918D-4979-8CEB-E2119C3F0A02}.Release|iPhone.Build.0 = Release|Any CPU
		{5FA20FD5-918D-4979-8CEB-E2119C3F0A02}.Release|iPhoneSimulator.ActiveCfg = Release|Any CPU
		{5FA20FD5-918D-4979-8CEB-E2119C3F0A02}.Release|iPhoneSimulator.Build.0 = Release|Any CPU
		{5FA20FD5-918D-4979-8CEB-E2119C3F0A02}.Release|x64.ActiveCfg = Release|Any CPU
		{5FA20FD5-918D-4979-8CEB-E2119C3F0A02}.Release|x64.Build.0 = Release|Any CPU
		{5FA20FD5-918D-4979-8CEB-E2119C3F0A02}.Release|x86.ActiveCfg = Release|Any CPU
		{5FA20FD5-918D-4979-8CEB-E2119C3F0A02}.Release|x86.Build.0 = Release|Any CPU
		{10CD6C9C-4C55-499A-9E8A-CD12D9E21DBB}.Debug|Any CPU.ActiveCfg = Debug|Any CPU
		{10CD6C9C-4C55-499A-9E8A-CD12D9E21DBB}.Debug|Any CPU.Build.0 = Debug|Any CPU
		{10CD6C9C-4C55-499A-9E8A-CD12D9E21DBB}.Debug|Any CPU.Deploy.0 = Debug|Any CPU
		{10CD6C9C-4C55-499A-9E8A-CD12D9E21DBB}.Debug|ARM.ActiveCfg = Debug|Any CPU
		{10CD6C9C-4C55-499A-9E8A-CD12D9E21DBB}.Debug|ARM.Build.0 = Debug|Any CPU
		{10CD6C9C-4C55-499A-9E8A-CD12D9E21DBB}.Debug|ARM.Deploy.0 = Debug|Any CPU
		{10CD6C9C-4C55-499A-9E8A-CD12D9E21DBB}.Debug|iPhone.ActiveCfg = Debug|Any CPU
		{10CD6C9C-4C55-499A-9E8A-CD12D9E21DBB}.Debug|iPhone.Build.0 = Debug|Any CPU
		{10CD6C9C-4C55-499A-9E8A-CD12D9E21DBB}.Debug|iPhone.Deploy.0 = Debug|Any CPU
		{10CD6C9C-4C55-499A-9E8A-CD12D9E21DBB}.Debug|iPhoneSimulator.ActiveCfg = Debug|Any CPU
		{10CD6C9C-4C55-499A-9E8A-CD12D9E21DBB}.Debug|iPhoneSimulator.Build.0 = Debug|Any CPU
		{10CD6C9C-4C55-499A-9E8A-CD12D9E21DBB}.Debug|iPhoneSimulator.Deploy.0 = Debug|Any CPU
		{10CD6C9C-4C55-499A-9E8A-CD12D9E21DBB}.Debug|x64.ActiveCfg = Debug|Any CPU
		{10CD6C9C-4C55-499A-9E8A-CD12D9E21DBB}.Debug|x64.Build.0 = Debug|Any CPU
		{10CD6C9C-4C55-499A-9E8A-CD12D9E21DBB}.Debug|x64.Deploy.0 = Debug|Any CPU
		{10CD6C9C-4C55-499A-9E8A-CD12D9E21DBB}.Debug|x86.ActiveCfg = Debug|Any CPU
		{10CD6C9C-4C55-499A-9E8A-CD12D9E21DBB}.Debug|x86.Build.0 = Debug|Any CPU
		{10CD6C9C-4C55-499A-9E8A-CD12D9E21DBB}.Debug|x86.Deploy.0 = Debug|Any CPU
		{10CD6C9C-4C55-499A-9E8A-CD12D9E21DBB}.Release|Any CPU.ActiveCfg = Release|Any CPU
		{10CD6C9C-4C55-499A-9E8A-CD12D9E21DBB}.Release|Any CPU.Build.0 = Release|Any CPU
		{10CD6C9C-4C55-499A-9E8A-CD12D9E21DBB}.Release|Any CPU.Deploy.0 = Release|Any CPU
		{10CD6C9C-4C55-499A-9E8A-CD12D9E21DBB}.Release|ARM.ActiveCfg = Release|Any CPU
		{10CD6C9C-4C55-499A-9E8A-CD12D9E21DBB}.Release|ARM.Build.0 = Release|Any CPU
		{10CD6C9C-4C55-499A-9E8A-CD12D9E21DBB}.Release|ARM.Deploy.0 = Release|Any CPU
		{10CD6C9C-4C55-499A-9E8A-CD12D9E21DBB}.Release|iPhone.ActiveCfg = Release|Any CPU
		{10CD6C9C-4C55-499A-9E8A-CD12D9E21DBB}.Release|iPhone.Build.0 = Release|Any CPU
		{10CD6C9C-4C55-499A-9E8A-CD12D9E21DBB}.Release|iPhone.Deploy.0 = Release|Any CPU
		{10CD6C9C-4C55-499A-9E8A-CD12D9E21DBB}.Release|iPhoneSimulator.ActiveCfg = Release|Any CPU
		{10CD6C9C-4C55-499A-9E8A-CD12D9E21DBB}.Release|iPhoneSimulator.Build.0 = Release|Any CPU
		{10CD6C9C-4C55-499A-9E8A-CD12D9E21DBB}.Release|iPhoneSimulator.Deploy.0 = Release|Any CPU
		{10CD6C9C-4C55-499A-9E8A-CD12D9E21DBB}.Release|x64.ActiveCfg = Release|Any CPU
		{10CD6C9C-4C55-499A-9E8A-CD12D9E21DBB}.Release|x64.Build.0 = Release|Any CPU
		{10CD6C9C-4C55-499A-9E8A-CD12D9E21DBB}.Release|x64.Deploy.0 = Release|Any CPU
		{10CD6C9C-4C55-499A-9E8A-CD12D9E21DBB}.Release|x86.ActiveCfg = Release|Any CPU
		{10CD6C9C-4C55-499A-9E8A-CD12D9E21DBB}.Release|x86.Build.0 = Release|Any CPU
		{10CD6C9C-4C55-499A-9E8A-CD12D9E21DBB}.Release|x86.Deploy.0 = Release|Any CPU
	EndGlobalSection
	GlobalSection(SolutionProperties) = preSolution
		HideSolutionNode = FALSE
	EndGlobalSection
	GlobalSection(ExtensibilityGlobals) = postSolution
		SolutionGuid = {C0DCD53E-A884-4D3B-8E14-59817C961FED}
	EndGlobalSection
EndGlobal
